
Microsoft Visual Studio Solution File, Format Version 12.00
# Visual Studio Version 17
VisualStudioVersion = 17.1.32407.343
MinimumVisualStudioVersion = 10.0.40219.1
Project("{FAE04EC0-301F-11D3-BF4B-00C04F79EFBC}") = "anclient.net", "anclient.net\anclient.net.csproj", "{327AE5AA-030C-4782-80E3-C2951F12F93E}"
EndProject
Project("{FAE04EC0-301F-11D3-BF4B-00C04F79EFBC}") = "Antest.Anclient", "Antest.Anclient\Antest.Anclient.csproj", "{22809231-F206-486A-8F03-B9FA3E21C52F}"
EndProject
Project("{FAE04EC0-301F-11D3-BF4B-00C04F79EFBC}") = "gltf.upload", "..\..\examples\example.cs\file.upload\gltf.upload.csproj", "{3FCB85B3-ED08-4496-9711-07CC6E5BAE35}"
EndProject
Project("{FAE04EC0-301F-11D3-BF4B-00C04F79EFBC}") = "gltf-export", "..\..\examples\example.cs\gltf-export\gltf-export.csproj", "{F7E7FD23-BD18-46FD-9ECE-29DB50F23420}"
EndProject
Project("{FAE04EC0-301F-11D3-BF4B-00C04F79EFBC}") = "Album", "..\..\examples\example.cs\Album\Album.csproj", "{929A4814-5AC4-4215-8560-4CC3BE1AE551}"
EndProject
Global
	GlobalSection(SolutionConfigurationPlatforms) = preSolution
		Debug|Any CPU = Debug|Any CPU
		Release|Any CPU = Release|Any CPU
	EndGlobalSection
	GlobalSection(ProjectConfigurationPlatforms) = postSolution
		{327AE5AA-030C-4782-80E3-C2951F12F93E}.Debug|Any CPU.ActiveCfg = Debug|Any CPU
		{327AE5AA-030C-4782-80E3-C2951F12F93E}.Debug|Any CPU.Build.0 = Debug|Any CPU
		{327AE5AA-030C-4782-80E3-C2951F12F93E}.Release|Any CPU.ActiveCfg = Release|Any CPU
		{327AE5AA-030C-4782-80E3-C2951F12F93E}.Release|Any CPU.Build.0 = Release|Any CPU
		{22809231-F206-486A-8F03-B9FA3E21C52F}.Debug|Any CPU.ActiveCfg = Debug|Any CPU
		{22809231-F206-486A-8F03-B9FA3E21C52F}.Debug|Any CPU.Build.0 = Debug|Any CPU
		{22809231-F206-486A-8F03-B9FA3E21C52F}.Release|Any CPU.ActiveCfg = Release|Any CPU
		{22809231-F206-486A-8F03-B9FA3E21C52F}.Release|Any CPU.Build.0 = Release|Any CPU
		{3FCB85B3-ED08-4496-9711-07CC6E5BAE35}.Debug|Any CPU.ActiveCfg = Debug|Any CPU
		{3FCB85B3-ED08-4496-9711-07CC6E5BAE35}.Debug|Any CPU.Build.0 = Debug|Any CPU
		{3FCB85B3-ED08-4496-9711-07CC6E5BAE35}.Release|Any CPU.ActiveCfg = Release|Any CPU
		{3FCB85B3-ED08-4496-9711-07CC6E5BAE35}.Release|Any CPU.Build.0 = Release|Any CPU
		{F7E7FD23-BD18-46FD-9ECE-29DB50F23420}.Debug|Any CPU.ActiveCfg = Debug|Any CPU
		{F7E7FD23-BD18-46FD-9ECE-29DB50F23420}.Debug|Any CPU.Build.0 = Debug|Any CPU
		{F7E7FD23-BD18-46FD-9ECE-29DB50F23420}.Release|Any CPU.ActiveCfg = Release|Any CPU
		{F7E7FD23-BD18-46FD-9ECE-29DB50F23420}.Release|Any CPU.Build.0 = Release|Any CPU
		{929A4814-5AC4-4215-8560-4CC3BE1AE551}.Debug|Any CPU.ActiveCfg = Debug|Any CPU
		{929A4814-5AC4-4215-8560-4CC3BE1AE551}.Debug|Any CPU.Build.0 = Debug|Any CPU
		{929A4814-5AC4-4215-8560-4CC3BE1AE551}.Release|Any CPU.ActiveCfg = Release|Any CPU
		{929A4814-5AC4-4215-8560-4CC3BE1AE551}.Release|Any CPU.Build.0 = Release|Any CPU
	EndGlobalSection
	GlobalSection(SolutionProperties) = preSolution
		HideSolutionNode = FALSE
	EndGlobalSection
	GlobalSection(ExtensibilityGlobals) = postSolution
		SolutionGuid = {06245B70-CB09-4A6C-8940-50CDC294E9C1}
	EndGlobalSection
EndGlobal
